
Microsoft Visual Studio Solution File, Format Version 12.00
# Visual Studio Version 17
VisualStudioVersion = 17.1.32319.34
MinimumVisualStudioVersion = 10.0.40219.1
Project("{FAE04EC0-301F-11D3-BF4B-00C04F79EFBC}") = "TSDC.Api.Master", "TSDC.Api.Master\TSDC.Api.Master.csproj", "{1C7B2AB3-F7BF-4015-BA89-0EBF6D51609D}"
EndProject
Project("{FAE04EC0-301F-11D3-BF4B-00C04F79EFBC}") = "TSDC.Service.Master", "TSDC.Service.Master\TSDC.Service.Master.csproj", "{A8A04968-610C-4553-8B5F-48E6D8E95AB2}"
EndProject
Global
	GlobalSection(SolutionConfigurationPlatforms) = preSolution
		Debug|Any CPU = Debug|Any CPU
		Release|Any CPU = Release|Any CPU
	EndGlobalSection
	GlobalSection(ProjectConfigurationPlatforms) = postSolution
		{1C7B2AB3-F7BF-4015-BA89-0EBF6D51609D}.Debug|Any CPU.ActiveCfg = Debug|Any CPU
		{1C7B2AB3-F7BF-4015-BA89-0EBF6D51609D}.Debug|Any CPU.Build.0 = Debug|Any CPU
		{1C7B2AB3-F7BF-4015-BA89-0EBF6D51609D}.Release|Any CPU.ActiveCfg = Release|Any CPU
		{1C7B2AB3-F7BF-4015-BA89-0EBF6D51609D}.Release|Any CPU.Build.0 = Release|Any CPU
		{A8A04968-610C-4553-8B5F-48E6D8E95AB2}.Debug|Any CPU.ActiveCfg = Debug|Any CPU
		{A8A04968-610C-4553-8B5F-48E6D8E95AB2}.Debug|Any CPU.Build.0 = Debug|Any CPU
		{A8A04968-610C-4553-8B5F-48E6D8E95AB2}.Release|Any CPU.ActiveCfg = Release|Any CPU
		{A8A04968-610C-4553-8B5F-48E6D8E95AB2}.Release|Any CPU.Build.0 = Release|Any CPU
	EndGlobalSection
	GlobalSection(SolutionProperties) = preSolution
		HideSolutionNode = FALSE
	EndGlobalSection
	GlobalSection(ExtensibilityGlobals) = postSolution
		SolutionGuid = {DBF3779E-C3AA-456A-A6C4-F4E3FBFF3011}
	EndGlobalSection
EndGlobal
